
Microsoft Visual Studio Solution File, Format Version 12.00
# Visual Studio Version 16
VisualStudioVersion = 16.0.30717.126
MinimumVisualStudioVersion = 10.0.40219.1
Project("{9A19103F-16F7-4668-BE54-9A1E7A4F7556}") = "SquaresAPI", "SquaresAPI\SquaresAPI.csproj", "{003E983F-39FC-4884-BC7E-A3D1DE79B7D7}"
EndProject
Project("{FAE04EC0-301F-11D3-BF4B-00C04F79EFBC}") = "SquaresAPItests", "SquareAPItests\SquaresAPItests.csproj", "{A42E2473-D567-4D7D-A9BE-7FC3E8B04B71}"
EndProject
Global
	GlobalSection(SolutionConfigurationPlatforms) = preSolution
		Debug|Any CPU = Debug|Any CPU
		Release|Any CPU = Release|Any CPU
	EndGlobalSection
	GlobalSection(ProjectConfigurationPlatforms) = postSolution
		{003E983F-39FC-4884-BC7E-A3D1DE79B7D7}.Debug|Any CPU.ActiveCfg = Debug|Any CPU
		{003E983F-39FC-4884-BC7E-A3D1DE79B7D7}.Debug|Any CPU.Build.0 = Debug|Any CPU
		{003E983F-39FC-4884-BC7E-A3D1DE79B7D7}.Release|Any CPU.ActiveCfg = Release|Any CPU
		{003E983F-39FC-4884-BC7E-A3D1DE79B7D7}.Release|Any CPU.Build.0 = Release|Any CPU
		{A42E2473-D567-4D7D-A9BE-7FC3E8B04B71}.Debug|Any CPU.ActiveCfg = Debug|Any CPU
		{A42E2473-D567-4D7D-A9BE-7FC3E8B04B71}.Debug|Any CPU.Build.0 = Debug|Any CPU
		{A42E2473-D567-4D7D-A9BE-7FC3E8B04B71}.Release|Any CPU.ActiveCfg = Release|Any CPU
		{A42E2473-D567-4D7D-A9BE-7FC3E8B04B71}.Release|Any CPU.Build.0 = Release|Any CPU
	EndGlobalSection
	GlobalSection(SolutionProperties) = preSolution
		HideSolutionNode = FALSE
	EndGlobalSection
	GlobalSection(ExtensibilityGlobals) = postSolution
		SolutionGuid = {749B7754-CC03-4A70-AF41-7F10A85D3350}
	EndGlobalSection
EndGlobal
